version = 1
revision = 3
requires-python = ">=3.12"

[[package]]
name = "chardet"
version = "7.4.3"
source = { registry = "https://pypi.org/simple" }
sdist = { url = "https://files.pythonhosted.org/packages/19/b6/9df434a8eeba2e6628c465a1dfa31034228ef79b26f76f46278f4ef7e49d/chardet-7.4.3.tar.gz", hash = "sha256:cc1d4eb92a4ec1c2df3b490836ffa46922e599d34ce0bb75cf41fd2bf6303d56", size = 784800, upload-time = "2026-04-13T21:33:39.803Z" }
wheels = [
    { url = "https://files.pythonhosted.org/packages/61/33/29de185079e6675c3f375546e30a559b7ddc75ce972f18d6e566cd9ea4eb/chardet-7.4.3-cp312-cp312-macosx_10_13_x86_64.whl", hash = "sha256:75d3c65cc16bddf40b8da1fd25ba84fca5f8070f2b14e86083653c1c85aee971", size = 874870, upload-time = "2026-04-13T21:33:05.977Z" },
    { url = "https://files.pythonhosted.org/packages/9c/2f/4c5af01fd1a7506a1d5375403d68925eac70289229492db5aa68b58103d8/chardet-7.4.3-cp312-cp312-macosx_11_0_arm64.whl", hash = "sha256:29af5999f654e8729d251f1724a62b538b1262d9292cccaefddf8a02aae1ef6a", size = 854859, upload-time = "2026-04-13T21:33:07.381Z" },
    { url = "https://files.pythonhosted.org/packages/36/21/edb36ad5dfa48d7f8eed97ab43931ecdaa8c15166c21b1d614967e49d681/chardet-7.4.3-cp312-cp312-manylinux2014_aarch64.manylinux_2_17_aarch64.manylinux_2_28_aarch64.whl", hash = "sha256:626f00299ad62dfe937058a09572beed442ccc7b58f87aa667949b20fd3db235", size = 875032, upload-time = "2026-04-13T21:33:08.741Z" },
    { url = "https://files.pythonhosted.org/packages/e5/59/a32a241d861cf180853a11c8e5a67641cb1b2af13c3a5ccce83ec07e2c9f/chardet-7.4.3-cp312-cp312-manylinux2014_x86_64.manylinux_2_17_x86_64.manylinux_2_28_x86_64.whl", hash = "sha256:9a4904dd5f071b7a7d7f50b4a67a86db3c902d243bf31708f1d5cde2f68239cb", size = 888283, upload-time = "2026-04-13T21:33:10.213Z" },
    { url = "https://files.pythonhosted.org/packages/87/2e/e1ee6a77abf3782c00e05b89c4d4328c8353bf9500661c4348df1dd68614/chardet-7.4.3-cp312-cp312-manylinux_2_31_riscv64.manylinux_2_39_riscv64.whl", hash = "sha256:5d2879598bc220689e8ce509fe9c3f37ad2fca53a36be9c9bd91abdd91dd364f", size = 879974, upload-time = "2026-04-13T21:33:11.448Z" },
    { url = "https://files.pythonhosted.org/packages/32/60/fca69c534602a7ced04280c952a246ad1edde2a6ca3a164f65d32ac41fe7/chardet-7.4.3-cp312-cp312-win_amd64.whl", hash = "sha256:4b2799bd58e7245cfa8d4ab2e8ad1d76a5c3a5b1f32318eb6acca4c69a3e7101", size = 943973, upload-time = "2026-04-13T21:33:12.756Z" },
    { url = "https://files.pythonhosted.org/packages/7c/43/79ac9b4db5bc87020c9dbc419125371d80882d1d197e9c4765ba8682b605/chardet-7.4.3-cp313-cp313-macosx_10_13_x86_64.whl", hash = "sha256:a9e4486df251b8962e86ea9f139ca235aa6e0542a00f7844c9a04160afb99aa9", size = 873769, upload-time = "2026-04-13T21:33:14.002Z" },
    { url = "https://files.pythonhosted.org/packages/55/5f/25bdec773905bff0ff6cf35ca73b17bd05593b4f87bd8c5fa43705f7167d/chardet-7.4.3-cp313-cp313-macosx_11_0_arm64.whl", hash = "sha256:4fbff1907925b0c5a1064cffb5e040cd5e338585c9c552625f30de6bc2f3107a", size = 853991, upload-time = "2026-04-13T21:33:15.564Z" },
    { url = "https://files.pythonhosted.org/packages/b4/07/a29380ee0b215d23d77733b5ad60c5c0c7969650e080c667acdf9462040d/chardet-7.4.3-cp313-cp313-manylinux2014_aarch64.manylinux_2_17_aarch64.manylinux_2_28_aarch64.whl", hash = "sha256:365135eaf37ba65a828f8e668eb0a8c38c479dcbec724dc25f4dfd781049c357", size = 874024, upload-time = "2026-04-13T21:33:16.915Z" },
    { url = "https://files.pythonhosted.org/packages/a8/b1/3338e121cbd4c8a126b8ccb1061170c2ce51a53f678c502793ea49c6fd6d/chardet-7.4.3-cp313-cp313-manylinux2014_x86_64.manylinux_2_17_x86_64.manylinux_2_28_x86_64.whl", hash = "sha256:bfc134b70c846c21ead8e43ada3ae1a805fff732f6922f8abcf2ff27b8f6493d", size = 887410, upload-time = "2026-04-13T21:33:18.368Z" },
    { url = "https://files.pythonhosted.org/packages/63/1c/44a9a9e0c59c185a5d307ceaeee8768afa1558f0a24f7a4b5fa11b67586b/chardet-7.4.3-cp313-cp313-manylinux_2_31_riscv64.manylinux_2_39_riscv64.whl", hash = "sha256:9acd9988a93e09390f3cd231201ea7166c415eb8da1b735928990ffc05cb9fbb", size = 879269, upload-time = "2026-04-13T21:33:20.377Z" },
    { url = "https://files.pythonhosted.org/packages/1b/b3/5d0e77ea774bd3224321c248880ea0c0379000ac5c2bb6d77609549de247/chardet-7.4.3-cp313-cp313-win_amd64.whl", hash = "sha256:e1b98790c284ff813f18f7cf7de5f05ea2435a080030c7f1a8318f3a4f80b131", size = 944155, upload-time = "2026-04-13T21:33:21.694Z" },
    { url = "https://files.pythonhosted.org/packages/70/a8/bf0811d859e13801279a2ae64f37a408027b282f2047bc0001c75dd356ad/chardet-7.4.3-cp314-cp314-macosx_10_15_x86_64.whl", hash = "sha256:d892d3dcd652fdef53e3d6327d39b17c0df40a899dfc919abaeb64c974497531", size = 872887, upload-time = "2026-04-13T21:33:23.328Z" },
    { url = "https://files.pythonhosted.org/packages/51/ac/b9d68ebddfe1b02c77af5bf81120e12b036b4432dc6af7a303d90e2bc38b/chardet-7.4.3-cp314-cp314-macosx_11_0_arm64.whl", hash = "sha256:acc46d1b8b7d5783216afe15db56d1c179b9a40e5a1558bc13164c4fd20674c4", size = 853964, upload-time = "2026-04-13T21:33:24.724Z" },
    { url = "https://files.pythonhosted.org/packages/2a/81/17fa103ea9caf5d325a5e4051ab2ba65996fd66baa60b81ee41af1f54e10/chardet-7.4.3-cp314-cp314-manylinux2014_aarch64.manylinux_2_17_aarch64.manylinux_2_28_aarch64.whl", hash = "sha256:0ac3bf11c645734a1701a3804e43eabd98851838192267d08c353a834ab79fea", size = 876006, upload-time = "2026-04-13T21:33:26.098Z" },
    { url = "https://files.pythonhosted.org/packages/c2/20/193faab46a68ea550587331a698c3dca8099f8901d10937c4443135c7ed9/chardet-7.4.3-cp314-cp314-manylinux2014_x86_64.manylinux_2_17_x86_64.manylinux_2_28_x86_64.whl", hash = "sha256:6e3bd9f936e04bae89c254262af08d9e5b98f805175ba1e29d454e6cba3107b7", size = 887680, upload-time = "2026-04-13T21:33:27.49Z" },
    { url = "https://files.pythonhosted.org/packages/40/c6/94a3c673327392652ee8bdea9a45bc8a5f5365197a7387d68f0eed007115/chardet-7.4.3-cp314-cp314-manylinux_2_31_riscv64.manylinux_2_39_riscv64.whl", hash = "sha256:27cc23da03630cdecc9aa81a895aa86629c211f995cd57651f0fbc280717bf93", size = 879865, upload-time = "2026-04-13T21:33:29.052Z" },
    { url = "https://files.pythonhosted.org/packages/b1/2c/cad8b5e3623a987f3c930b68e2bdd06cfc388cd91cd42ed05f1227701b73/chardet-7.4.3-cp314-cp314-win_amd64.whl", hash = "sha256:b95c934b9ad59e2ba8abb9be49df70d3ad1b0d95d864b9fdb7588d4fa8bd921c", size = 939594, upload-time = "2026-04-13T21:33:31.391Z" },
    { url = "https://files.pythonhosted.org/packages/33/e0/d06e42fd6f02a58e5e227e5106587751cb38adcff0aaf949add744b78b6e/chardet-7.4.3-cp314-cp314t-macosx_10_15_x86_64.whl", hash = "sha256:c77867f0c1cb8bd819502249fcdc500364aedb07881e11b743726fa2148e7b6e", size = 889714, upload-time = "2026-04-13T21:33:32.772Z" },
    { url = "https://files.pythonhosted.org/packages/d4/ed/40d091954d48abea037baae6be8fb79905e5f78d34d12ea955132c7d8011/chardet-7.4.3-cp314-cp314t-macosx_11_0_arm64.whl", hash = "sha256:cf1efeaf65a6ef2f5b9cc3a1df6f08ba2831b369ccaa4c7018eaf90aa757bb11", size = 872319, upload-time = "2026-04-13T21:33:34.427Z" },
    { url = "https://files.pythonhosted.org/packages/bb/77/82a46821dbfbdfe062710d2bf2ede13426304e3567a23c57d919c0c31630/chardet-7.4.3-cp314-cp314t-manylinux2014_aarch64.manylinux_2_17_aarch64.manylinux_2_28_aarch64.whl", hash = "sha256:9f3504c139a2ad544077dd2d9e412cd08b01786843d76997cd43bb6de311723c", size = 892021, upload-time = "2026-04-13T21:33:35.766Z" },
    { url = "https://files.pythonhosted.org/packages/49/57/42d30c562bda5b4a839766c1aad8d5856b798ad2a1c3247b72a679afec94/chardet-7.4.3-cp314-cp314t-manylinux2014_x86_64.manylinux_2_17_x86_64.manylinux_2_28_x86_64.whl", hash = "sha256:457f619882ba66327d4d8d14c6c342269bdb1e4e1c38e8117df941d14d351b04", size = 902509, upload-time = "2026-04-13T21:33:37.096Z" },
    { url = "https://files.pythonhosted.org/packages/8c/6c/0a40afdb50a0fe041ab95553b835a8160b6cf0e81edf2ae2fe9f5224cbf9/chardet-7.4.3-py3-none-any.whl", hash = "sha256:1173b74051570cf08099d7429d92e4882d375ad4217f92a6e5240ccfb26f231e", size = 626562, upload-time = "2026-04-13T21:33:38.559Z" },
]

[[package]]
name = "colorama"
version = "0.4.6"
source = { registry = "https://pypi.org/simple" }
sdist = { url = "https://files.pythonhosted.org/packages/d8/53/6f443c9a4a8358a93a6792e2acffb9d9d5cb0a5cfd8802644b7b1c9a02e4/colorama-0.4.6.tar.gz", hash = "sha256:08695f5cb7ed6e0531a20572697297273c47b8cae5a63ffc6d6ed5c201be6e44", size = 27697, upload-time = "2022-10-25T02:36:22.414Z" }
wheels = [
    { url = "https://files.pythonhosted.org/packages/d1/d6/3965ed04c63042e047cb6a3e6ed1a63a35087b6a609aa3a15ed8ac56c221/colorama-0.4.6-py2.py3-none-any.whl", hash = "sha256:4f1d9991f5acc0ca119f9d443620b77f9d6b33703e51011c16baf57afb285fc6", size = 25335, upload-time = "2022-10-25T02:36:20.889Z" },
]

[[package]]
name = "detect-model"
version = "0.1.0"
source = { virtual = "." }
dependencies = [
    { name = "chardet" },
    { name = "ijson" },
    { name = "json5" },
]

[package.dev-dependencies]
dev = [
    { name = "pytest" },
]

[package.metadata]
requires-dist = [
    { name = "chardet", specifier = ">=5.2.0" },
    { name = "ijson", specifier = ">=3.3.0" },
    { name = "json5", specifier = ">=0.10.0" },
]

[package.metadata.requires-dev]
dev = [{ name = "pytest", specifier = ">=9.0.3" }]

[[package]]
name = "ijson"
version = "3.5.0"
source = { registry = "https://pypi.org/simple" }
sdist = { url = "https://files.pythonhosted.org/packages/f4/57/60d1a6a512f2f0508d0bc8b4f1cc5616fd3196619b66bd6a01f9155a1292/ijson-3.5.0.tar.gz", hash = "sha256:94688760720e3f5212731b3cb8d30267f9a045fb38fb3870254e7b9504246f31", size = 68658, upload-time = "2026-02-24T03:58:30.974Z" }
wheels = [
    { url = "https://files.pythonhosted.org/packages/aa/17/9c63c7688025f3a8c47ea717b8306649c8c7244e49e20a2be4e3515dc75c/ijson-3.5.0-cp312-cp312-macosx_10_13_universal2.whl", hash = "sha256:1ebefbe149a6106cc848a3eaf536af51a9b5ccc9082de801389f152dba6ab755", size = 88536, upload-time = "2026-02-24T03:57:06.809Z" },
    { url = "https://files.pythonhosted.org/packages/6f/dd/e15c2400244c117b06585452ebc63ae254f5a6964f712306afd1422daae0/ijson-3.5.0-cp312-cp312-macosx_10_13_x86_64.whl", hash = "sha256:19e30d9f00f82e64de689c0b8651b9cfed879c184b139d7e1ea5030cec401c21", size = 60499, upload-time = "2026-02-24T03:57:09.155Z" },
    { url = "https://files.pythonhosted.org/packages/77/a9/bf4fe3538a0c965f16b406f180a06105b875da83f0743e36246be64ef550/ijson-3.5.0-cp312-cp312-macosx_11_0_arm64.whl", hash = "sha256:a04a33ee78a6f27b9b8528c1ca3c207b1df3b8b867a4cf2fcc4109986f35c227", size = 60330, upload-time = "2026-02-24T03:57:10.574Z" },
    { url = "https://files.pythonhosted.org/packages/31/76/6f91bdb019dd978fce1bc5ea1cd620cfc096d258126c91db2c03a20a7f34/ijson-3.5.0-cp312-cp312-manylinux1_i686.manylinux_2_28_i686.manylinux_2_5_i686.whl", hash = "sha256:7d48dc2984af02eb3c56edfb3f13b3f62f2f3e4fe36f058c8cfc75d93adf4fed", size = 138977, upload-time = "2026-02-24T03:57:11.932Z" },
    { url = "https://files.pythonhosted.org/packages/11/be/bbc983059e48a54b0121ee60042979faed7674490bbe7b2c41560db3f436/ijson-3.5.0-cp312-cp312-manylinux2014_aarch64.manylinux_2_17_aarch64.manylinux_2_28_aarch64.whl", hash = "sha256:f1e73a44844d9adbca9cf2c4132cd875933e83f3d4b23881fcaf82be83644c7d", size = 149785, upload-time = "2026-02-24T03:57:13.255Z" },
    { url = "https://files.pythonhosted.org/packages/6d/81/2fee58f9024a3449aee83edfa7167fb5ccd7e1af2557300e28531bb68e16/ijson-3.5.0-cp312-cp312-manylinux2014_x86_64.manylinux_2_17_x86_64.manylinux_2_28_x86_64.whl", hash = "sha256:7389a56b8562a19948bdf1d7bae3a2edc8c7f86fb59834dcb1c4c722818e645a", size = 149729, upload-time = "2026-02-24T03:57:14.191Z" },
    { url = "https://files.pythonhosted.org/packages/c7/56/f1706761fcc096c9d414b3dcd000b1e6e5c24364c21cfba429837f98ee8d/ijson-3.5.0-cp312-cp312-musllinux_1_2_aarch64.whl", hash = "sha256:3176f23f8ebec83f374ed0c3b4e5a0c4db7ede54c005864efebbed46da123608", size = 150697, upload-time = "2026-02-24T03:57:15.855Z" },
    { url = "https://files.pythonhosted.org/packages/d9/6e/ee0d9c875a0193b632b3e9ccd1b22a50685fb510256ad57ba483b6529f77/ijson-3.5.0-cp312-cp312-musllinux_1_2_i686.whl", hash = "sha256:6babd88e508630c6ef86c9bebaaf13bb2fb8ec1d8f8868773a03c20253f599bc", size = 142873, upload-time = "2026-02-24T03:57:16.831Z" },
    { url = "https://files.pythonhosted.org/packages/d2/bf/f9d4399d0e6e3fd615035290a71e97c843f17f329b43638c0a01cf112d73/ijson-3.5.0-cp312-cp312-musllinux_1_2_x86_64.whl", hash = "sha256:dc1b3836b174b6db2fa8319f1926fb5445abd195dc963368092103f8579cb8ed", size = 151583, upload-time = "2026-02-24T03:57:17.757Z" },
    { url = "https://files.pythonhosted.org/packages/b2/71/a7254a065933c0e2ffd3586f46187d84830d3d7b6f41cfa5901820a4f87d/ijson-3.5.0-cp312-cp312-win32.whl", hash = "sha256:6673de9395fb9893c1c79a43becd8c8fbee0a250be6ea324bfd1487bb5e9ee4c", size = 53079, upload-time = "2026-02-24T03:57:18.703Z" },
    { url = "https://files.pythonhosted.org/packages/8f/7b/2edca79b359fc9f95d774616867a03ecccdf333797baf5b3eea79733918c/ijson-3.5.0-cp312-cp312-win_amd64.whl", hash = "sha256:f4f7fabd653459dcb004175235f310435959b1bb5dfa8878578391c6cc9ad944", size = 55500, upload-time = "2026-02-24T03:57:20.428Z" },
    { url = "https://files.pythonhosted.org/packages/a2/71/d67e764a712c3590627480643a3b51efcc3afa4ef3cb54ee4c989073c97e/ijson-3.5.0-cp313-cp313-macosx_10_13_universal2.whl", hash = "sha256:e9cedc10e40dd6023c351ed8bfc7dcfce58204f15c321c3c1546b9c7b12562a4", size = 88544, upload-time = "2026-02-24T03:57:21.293Z" },
    { url = "https://files.pythonhosted.org/packages/1a/39/f1c299371686153fa3cf5c0736b96247a87a1bee1b7145e6d21f359c505a/ijson-3.5.0-cp313-cp313-macosx_10_13_x86_64.whl", hash = "sha256:3647649f782ee06c97490b43680371186651f3f69bebe64c6083ee7615d185e5", size = 60495, upload-time = "2026-02-24T03:57:22.501Z" },
    { url = "https://files.pythonhosted.org/packages/16/94/b1438e204d75e01541bebe3e668fe3e68612d210e9931ae1611062dd0a56/ijson-3.5.0-cp313-cp313-macosx_11_0_arm64.whl", hash = "sha256:90e74be1dce05fce73451c62d1118671f78f47c9f6be3991c82b91063bf01fc9", size = 60325, upload-time = "2026-02-24T03:57:23.332Z" },
    { url = "https://files.pythonhosted.org/packages/30/e2/4aa9c116fa86cc8b0f574f3c3a47409edc1cd4face05d0e589a5a176b05d/ijson-3.5.0-cp313-cp313-manylinux1_i686.manylinux_2_28_i686.manylinux_2_5_i686.whl", hash = "sha256:78e9ad73e7be2dd80627504bd5cbf512348c55ce2c06e362ed7683b5220e8568", size = 138774, upload-time = "2026-02-24T03:57:24.683Z" },
    { url = "https://files.pythonhosted.org/packages/d2/d2/738b88752a70c3be1505faa4dcd7110668c2712e582a6a36488ed1e295d4/ijson-3.5.0-cp313-cp313-manylinux2014_aarch64.manylinux_2_17_aarch64.manylinux_2_28_aarch64.whl", hash = "sha256:9577449313cc94be89a4fe4b3e716c65f09cc19636d5a6b2861c4e80dddebd58", size = 149820, upload-time = "2026-02-24T03:57:26.062Z" },
    { url = "https://files.pythonhosted.org/packages/ed/df/0b3ab9f393ca8f72ea03bc896ba9fdc987e90ae08cdb51c32a4ee0c14d5e/ijson-3.5.0-cp313-cp313-manylinux2014_x86_64.manylinux_2_17_x86_64.manylinux_2_28_x86_64.whl", hash = "sha256:3e4c1178fb50aff5f5701a30a5152ead82a14e189ce0f6102fa1b5f10b2f54ff", size = 149747, upload-time = "2026-02-24T03:57:27.308Z" },
    { url = "https://files.pythonhosted.org/packages/cc/a3/b0037119f75131b78cb00acc2657b1a9d0435475f1f2c5f8f5a170b66b9c/ijson-3.5.0-cp313-cp313-musllinux_1_2_aarch64.whl", hash = "sha256:0eb402ab026ffb37a918d75af2b7260fe6cfbce13232cc83728a714dd30bd81d", size = 151027, upload-time = "2026-02-24T03:57:28.522Z" },
    { url = "https://files.pythonhosted.org/packages/22/a0/cb344de1862bf09d8f769c9d25c944078c87dd59a1b496feec5ad96309a4/ijson-3.5.0-cp313-cp313-musllinux_1_2_i686.whl", hash = "sha256:5b08ee08355f9f729612a8eb9bf69cc14f9310c3b2a487c6f1c3c65d85216ec4", size = 142996, upload-time = "2026-02-24T03:57:29.774Z" },
    { url = "https://files.pythonhosted.org/packages/ca/32/a8ffd67182e02ea61f70f62daf43ded4fa8a830a2520a851d2782460aba8/ijson-3.5.0-cp313-cp313-musllinux_1_2_x86_64.whl", hash = "sha256:bda62b6d48442903e7bf56152108afb7f0f1293c2b9bef2f2c369defea76ab18", size = 152068, upload-time = "2026-02-24T03:57:30.969Z" },
    { url = "https://files.pythonhosted.org/packages/3c/d1/3578df8e75d446aab0ae92e27f641341f586b85e1988536adebc65300cb4/ijson-3.5.0-cp313-cp313-win32.whl", hash = "sha256:8d073d9b13574cfa11083cc7267c238b7a6ed563c2661e79192da4a25f09c82c", size = 53065, upload-time = "2026-02-24T03:57:31.93Z" },
    { url = "https://files.pythonhosted.org/packages/fb/a2/f7cdaf5896710da3e69e982e44f015a83d168aa0f3a89b6f074b5426779d/ijson-3.5.0-cp313-cp313-win_amd64.whl", hash = "sha256:2419f9e32e0968a876b04d8f26aeac042abd16f582810b576936bbc4c6015069", size = 55499, upload-time = "2026-02-24T03:57:32.773Z" },
    { url = "https://files.pythonhosted.org/packages/42/65/13e2492d17e19a2084523e18716dc2809159f2287fd2700c735f311e76c4/ijson-3.5.0-cp313-cp313t-macosx_10_13_universal2.whl", hash = "sha256:4d4b0cd676b8c842f7648c1a783448fac5cd3b98289abd83711b3e275e143524", size = 93019, upload-time = "2026-02-24T03:57:33.976Z" },
    { url = "https://files.pythonhosted.org/packages/33/92/483fc97ece0c3f1cecabf48f6a7a36e89d19369eec462faaeaa34c788992/ijson-3.5.0-cp313-cp313t-macosx_10_13_x86_64.whl", hash = "sha256:252dec3680a48bb82d475e36b4ae1b3a9d7eb690b951bb98a76c5fe519e30188", size = 62714, upload-time = "2026-02-24T03:57:34.819Z" },
    { url = "https://files.pythonhosted.org/packages/4b/88/793fe020a0fe9d9eed4c285cf4a5cfdb0a935708b3bde0d72f35c794b513/ijson-3.5.0-cp313-cp313t-macosx_11_0_arm64.whl", hash = "sha256:aa1b5dca97d323931fde2501172337384c958914d81a9dac7f00f0d4bfc76bc7", size = 62460, upload-time = "2026-02-24T03:57:35.874Z" },
    { url = "https://files.pythonhosted.org/packages/51/69/f1a2690aa8d4df1f4e262b385e65a933ffdc250b091531bac9a449c19e16/ijson-3.5.0-cp313-cp313t-manylinux1_i686.manylinux_2_28_i686.manylinux_2_5_i686.whl", hash = "sha256:7a5ec7fd86d606094bba6f6f8f87494897102fa4584ef653f3005c51a784c320", size = 199273, upload-time = "2026-02-24T03:57:37.07Z" },
    { url = "https://files.pythonhosted.org/packages/ea/a2/f1346d5299e79b988ab472dc773d5381ec2d57c23cb2f1af3ede4a810e62/ijson-3.5.0-cp313-cp313t-manylinux2014_aarch64.manylinux_2_17_aarch64.manylinux_2_28_aarch64.whl", hash = "sha256:009f41443e1521847701c6d87fa3923c0b1961be3c7e7de90947c8cb92ea7c44", size = 216884, upload-time = "2026-02-24T03:57:38.346Z" },
    { url = "https://files.pythonhosted.org/packages/28/3c/8b637e869be87799e6c2c3c275a30a546f086b1aed77e2b7f11512168c5a/ijson-3.5.0-cp313-cp313t-manylinux2014_x86_64.manylinux_2_17_x86_64.manylinux_2_28_x86_64.whl", hash = "sha256:e4c3651d1f9fe2839a93fdf8fd1d5ca3a54975349894249f3b1b572bcc4bd577", size = 207306, upload-time = "2026-02-24T03:57:39.718Z" },
    { url = "https://files.pythonhosted.org/packages/7f/7c/18b1c1df6951ca056782d7580ec40cea4ff9a27a0947d92640d1cc8c4ae3/ijson-3.5.0-cp313-cp313t-musllinux_1_2_aarch64.whl", hash = "sha256:945b7abcfcfeae2cde17d8d900870f03536494245dda7ad4f8d056faa303256c", size = 211364, upload-time = "2026-02-24T03:57:40.953Z" },
    { url = "https://files.pythonhosted.org/packages/f3/55/e795812e82851574a9dba8a53fde045378f531ef14110c6fb55dbd23b443/ijson-3.5.0-cp313-cp313t-musllinux_1_2_i686.whl", hash = "sha256:0574b0a841ff97495c13e9d7260fbf3d85358b061f540c52a123db9dbbaa2ed6", size = 200608, upload-time = "2026-02-24T03:57:42.272Z" },
    { url = "https://files.pythonhosted.org/packages/5c/cd/013c85b4749b57a4cb4c2670014d1b32b8db4ab1a7be92ea7aeb5d7fe7b5/ijson-3.5.0-cp313-cp313t-musllinux_1_2_x86_64.whl", hash = "sha256:f969ffb2b89c5cdf686652d7fb66252bc72126fa54d416317411497276056a18", size = 205127, upload-time = "2026-02-24T03:57:43.286Z" },
    { url = "https://files.pythonhosted.org/packages/0e/7c/faf643733e3ab677f180018f6a855c4ef70b7c46540987424c563c959e42/ijson-3.5.0-cp313-cp313t-win32.whl", hash = "sha256:59d3f9f46deed1332ad669518b8099920512a78bda64c1f021fcd2aff2b36693", size = 55282, upload-time = "2026-02-24T03:57:44.353Z" },
    { url = "https://files.pythonhosted.org/packages/69/22/94ddb47c24b491377aca06cd8fc9202cad6ab50619842457d2beefde21ea/ijson-3.5.0-cp313-cp313t-win_amd64.whl", hash = "sha256:5c2839fa233746d8aad3b8cd2354e441613f5df66d721d59da4a09394bd1db2b", size = 58016, upload-time = "2026-02-24T03:57:45.237Z" },
    { url = "https://files.pythonhosted.org/packages/7a/93/0868efe753dc1df80cc405cf0c1f2527a6991643607c741bff8dcb899b3b/ijson-3.5.0-cp314-cp314-macosx_10_15_universal2.whl", hash = "sha256:25a5a6b2045c90bb83061df27cfa43572afa43ba9408611d7bfe237c20a731a9", size = 89094, upload-time = "2026-02-24T03:57:46.115Z" },
    { url = "https://files.pythonhosted.org/packages/24/94/fd5a832a0df52ef5e4e740f14ac8640725d61034a1b0c561e8b5fb424706/ijson-3.5.0-cp314-cp314-macosx_10_15_x86_64.whl", hash = "sha256:8976c54c0b864bc82b951bae06567566ac77ef63b90a773a69cd73aab47f4f4f", size = 60715, upload-time = "2026-02-24T03:57:47.552Z" },
    { url = "https://files.pythonhosted.org/packages/70/79/1b9a90af5732491f9eec751ee211b86b11011e1158c555c06576d52c3919/ijson-3.5.0-cp314-cp314-macosx_11_0_arm64.whl", hash = "sha256:859eb2038f7f1b0664df4241957694cc35e6295992d71c98659b22c69b3cbc10", size = 60638, upload-time = "2026-02-24T03:57:48.428Z" },
    { url = "https://files.pythonhosted.org/packages/23/6f/2c551ea980fe56f68710a8d5389cfbd015fc45aaafd17c3c52c346db6aa1/ijson-3.5.0-cp314-cp314-manylinux1_i686.manylinux_2_28_i686.manylinux_2_5_i686.whl", hash = "sha256:c911aa02991c7c0d3639b6619b93a93210ff1e7f58bf7225d613abea10adc78e", size = 140667, upload-time = "2026-02-24T03:57:49.314Z" },
    { url = "https://files.pythonhosted.org/packages/25/0e/27b887879ba6a5bc29766e3c5af4942638c952220fd63e1e442674f7883a/ijson-3.5.0-cp314-cp314-manylinux2014_aarch64.manylinux_2_17_aarch64.manylinux_2_28_aarch64.whl", hash = "sha256:903cbdc350173605220edc19796fbea9b2203c8b3951fb7335abfa8ed37afda8", size = 149850, upload-time = "2026-02-24T03:57:50.329Z" },
    { url = "https://files.pythonhosted.org/packages/da/1e/23e10e1bc04bf31193b21e2960dce14b17dbd5d0c62204e8401c59d62c08/ijson-3.5.0-cp314-cp314-manylinux2014_x86_64.manylinux_2_17_x86_64.manylinux_2_28_x86_64.whl", hash = "sha256:a4549d96ded5b8efa71639b2160235415f6bdb8c83367615e2dbabcb72755c33", size = 149206, upload-time = "2026-02-24T03:57:51.261Z" },
    { url = "https://files.pythonhosted.org/packages/8e/90/e552f6495063b235cf7fa2c592f6597c057077195e517b842a0374fd470c/ijson-3.5.0-cp314-cp314-musllinux_1_2_aarch64.whl", hash = "sha256:6b2dcf6349e6042d83f3f8c39ce84823cf7577eba25bac5aae5e39bbbbbe9c1c", size = 150438, upload-time = "2026-02-24T03:57:52.198Z" },
    { url = "https://files.pythonhosted.org/packages/5c/18/45bf8f297c41b42a1c231d261141097babd953d2c28a07be57ae4c3a1a02/ijson-3.5.0-cp314-cp314-musllinux_1_2_i686.whl", hash = "sha256:e44af39e6f8a17e5627dcd89715d8279bf3474153ff99aae031a936e5c5572e5", size = 144369, upload-time = "2026-02-24T03:57:53.22Z" },
    { url = "https://files.pythonhosted.org/packages/9b/3a/deb9772bb2c0cead7ad64f00c3598eec9072bdf511818e70e2c512eeabbe/ijson-3.5.0-cp314-cp314-musllinux_1_2_x86_64.whl", hash = "sha256:9260332304b7e7828db56d43f08fc970a3ab741bf84ff10189361ea1b60c395b", size = 151352, upload-time = "2026-02-24T03:57:54.375Z" },
    { url = "https://files.pythonhosted.org/packages/e4/51/67f4d80cd58ad7eab0cd1af5fe28b961886338956b2f88c0979e21914346/ijson-3.5.0-cp314-cp314-win32.whl", hash = "sha256:63bc8121bb422f6969ced270173a3fa692c29d4ae30c860a2309941abd81012a", size = 53610, upload-time = "2026-02-24T03:57:55.655Z" },
    { url = "https://files.pythonhosted.org/packages/70/d3/263672ea22983ba3940f1534316dbc9200952c1c2a2332d7a664e4eaa7ae/ijson-3.5.0-cp314-cp314-win_amd64.whl", hash = "sha256:01b6dad72b7b7df225ef970d334556dfad46c696a2c6767fb5d9ed8889728bca", size = 56301, upload-time = "2026-02-24T03:57:56.584Z" },
    { url = "https://files.pythonhosted.org/packages/9f/d9/86f7fac35e0835faa188085ae0579e813493d5261ce056484015ad533445/ijson-3.5.0-cp314-cp314t-macosx_10_15_universal2.whl", hash = "sha256:2ea4b676ec98e374c1df400a47929859e4fa1239274339024df4716e802aa7e4", size = 93069, upload-time = "2026-02-24T03:57:57.849Z" },
    { url = "https://files.pythonhosted.org/packages/33/d2/e7366ed9c6e60228d35baf4404bac01a126e7775ea8ce57f560125ed190a/ijson-3.5.0-cp314-cp314t-macosx_10_15_x86_64.whl", hash = "sha256:014586eec043e23c80be9a923c56c3a0920a0f1f7d17478ce7bc20ba443968ef", size = 62767, upload-time = "2026-02-24T03:57:58.758Z" },
    { url = "https://files.pythonhosted.org/packages/35/8b/3e703e8cc4b3ada79f13b28070b51d9550c578f76d1968657905857b2ddd/ijson-3.5.0-cp314-cp314t-macosx_11_0_arm64.whl", hash = "sha256:d5b8b886b0248652d437f66e7c5ac318bbdcb2c7137a7e5327a68ca00b286f5f", size = 62467, upload-time = "2026-02-24T03:58:00.261Z" },
    { url = "https://files.pythonhosted.org/packages/21/42/0c91af32c1ee8a957fdac2e051b5780756d05fd34e4b60d94a08d51bac1d/ijson-3.5.0-cp314-cp314t-manylinux1_i686.manylinux_2_28_i686.manylinux_2_5_i686.whl", hash = "sha256:498fd46ae2349297e43acf97cdc421e711dbd7198418677259393d2acdc62d78", size = 200447, upload-time = "2026-02-24T03:58:01.591Z" },
    { url = "https://files.pythonhosted.org/packages/f9/80/796ea0e391b7e2d45c5b1b451734bba03f81c2984cf955ea5eaa6c4920ad/ijson-3.5.0-cp314-cp314t-manylinux2014_aarch64.manylinux_2_17_aarch64.manylinux_2_28_aarch64.whl", hash = "sha256:22a51b4f9b81f12793731cf226266d1de2112c3c04ba4a04117ad4e466897e05", size = 217820, upload-time = "2026-02-24T03:58:02.598Z" },
    { url = "https://files.pythonhosted.org/packages/38/14/52b6613fdda4078c62eb5b4fe3efc724ddc55a4ad524c93de51830107aa3/ijson-3.5.0-cp314-cp314t-manylinux2014_x86_64.manylinux_2_17_x86_64.manylinux_2_28_x86_64.whl", hash = "sha256:9636c710dc4ac4a281baa266a64f323b4cc165cec26836af702c44328b59a515", size = 208310, upload-time = "2026-02-24T03:58:04.759Z" },
    { url = "https://files.pythonhosted.org/packages/6a/ad/8b3105a78774fd4a65e534a21d975ef3a77e189489fe3029ebcaeba5e243/ijson-3.5.0-cp314-cp314t-musllinux_1_2_aarch64.whl", hash = "sha256:f7168a39e8211107666d71b25693fd1b2bac0b33735ef744114c403c6cac21e1", size = 211843, upload-time = "2026-02-24T03:58:05.836Z" },
    { url = "https://files.pythonhosted.org/packages/36/ab/a2739f6072d6e1160581bc3ed32da614c8cced023dcd519d9c5fa66e0425/ijson-3.5.0-cp314-cp314t-musllinux_1_2_i686.whl", hash = "sha256:8696454245415bc617ab03b0dc3ae4c86987df5dc6a90bad378fe72c5409d89e", size = 200906, upload-time = "2026-02-24T03:58:07.788Z" },
    { url = "https://files.pythonhosted.org/packages/6d/5e/e06c2de3c3d4a9cfb655c1ad08a68fb72838d271072cdd3196576ac4431a/ijson-3.5.0-cp314-cp314t-musllinux_1_2_x86_64.whl", hash = "sha256:c21bfb61f71f191565885bf1bc29e0a186292d866b4880637b833848360bdc1b", size = 205495, upload-time = "2026-02-24T03:58:09.163Z" },
    { url = "https://files.pythonhosted.org/packages/7c/11/778201eb2e202ddd76b36b0fb29bf3d8e3c167389d8aa883c62524e49f47/ijson-3.5.0-cp314-cp314t-win32.whl", hash = "sha256:a2619460d6795b70d0155e5bf016200ac8a63ab5397aa33588bb02b6c21759e6", size = 56280, upload-time = "2026-02-24T03:58:10.116Z" },
    { url = "https://files.pythonhosted.org/packages/23/28/96711503245339084c8086b892c47415895eba49782d6cc52d9f4ee50301/ijson-3.5.0-cp314-cp314t-win_amd64.whl", hash = "sha256:4f24b78d4ef028d17eb57ad1b16c0aed4a17bdd9badbf232dc5d9305b7e13854", size = 58965, upload-time = "2026-02-24T03:58:11.278Z" },
]

[[package]]
name = "iniconfig"
version = "2.3.0"
source = { registry = "https://pypi.org/simple" }
sdist = { url = "https://files.pythonhosted.org/packages/72/34/14ca021ce8e5dfedc35312d08ba8bf51fdd999c576889fc2c24cb97f4f10/iniconfig-2.3.0.tar.gz", hash = "sha256:c76315c77db068650d49c5b56314774a7804df16fee4402c1f19d6d15d8c4730", size = 20503, upload-time = "2025-10-18T21:55:43.219Z" }
wheels = [
    { url = "https://files.pythonhosted.org/packages/cb/b1/3846dd7f199d53cb17f49cba7e651e9ce294d8497c8c150530ed11865bb8/iniconfig-2.3.0-py3-none-any.whl", hash = "sha256:f631c04d2c48c52b84d0d0549c99ff3859c98df65b3101406327ecc7d53fbf12", size = 7484, upload-time = "2025-10-18T21:55:41.639Z" },
]

[[package]]
name = "json5"
version = "0.14.0"
source = { registry = "https://pypi.org/simple" }
sdist = { url = "https://files.pythonhosted.org/packages/9c/4b/6f8906aaf67d501e259b0adab4d312945bb7211e8b8d4dcc77c92320edaa/json5-0.14.0.tar.gz", hash = "sha256:b3f492fad9f6cdbced8b7d40b28b9b1c9701c5f561bef0d33b81c2ff433fefcb", size = 52656, upload-time = "2026-03-27T22:50:48.108Z" }
wheels = [
    { url = "https://files.pythonhosted.org/packages/b8/42/cf027b4ac873b076189d935b135397675dac80cb29acb13e1ab86ad6c631/json5-0.14.0-py3-none-any.whl", hash = "sha256:56cf861bab076b1178eb8c92e1311d273a9b9acea2ccc82c276abf839ebaef3a", size = 36271, upload-time = "2026-03-27T22:50:47.073Z" },
]

[[package]]
name = "packaging"
version = "26.2"
source = { registry = "https://pypi.org/simple" }
sdist = { url = "https://files.pythonhosted.org/packages/d7/f1/e7a6dd94a8d4a5626c03e4e99c87f241ba9e350cd9e6d75123f992427270/packaging-26.2.tar.gz", hash = "sha256:ff452ff5a3e828ce110190feff1178bb1f2ea2281fa2075aadb987c2fb221661", size = 228134, upload-time = "2026-04-24T20:15:23.917Z" }
wheels = [
    { url = "https://files.pythonhosted.org/packages/df/b2/87e62e8c3e2f4b32e5fe99e0b86d576da1312593b39f47d8ceef365e95ed/packaging-26.2-py3-none-any.whl", hash = "sha256:5fc45236b9446107ff2415ce77c807cee2862cb6fac22b8a73826d0693b0980e", size = 100195, upload-time = "2026-04-24T20:15:22.081Z" },
]

[[package]]
name = "pluggy"
version = "1.6.0"
source = { registry = "https://pypi.org/simple" }
sdist = { url = "https://files.pythonhosted.org/packages/f9/e2/3e91f31a7d2b083fe6ef3fa267035b518369d9511ffab804f839851d2779/pluggy-1.6.0.tar.gz", hash = "sha256:7dcc130b76258d33b90f61b658791dede3486c3e6bfb003ee5c9bfb396dd22f3", size = 69412, upload-time = "2025-05-15T12:30:07.975Z" }
wheels = [
    { url = "https://files.pythonhosted.org/packages/54/20/4d324d65cc6d9205fabedc306948156824eb9f0ee1633355a8f7ec5c66bf/pluggy-1.6.0-py3-none-any.whl", hash = "sha256:e920276dd6813095e9377c0bc5566d94c932c33b27a3e3945d8389c374dd4746", size = 20538, upload-time = "2025-05-15T12:30:06.134Z" },
]

[[package]]
name = "pygments"
version = "2.20.0"
source = { registry = "https://pypi.org/simple" }
sdist = { url = "https://files.pythonhosted.org/packages/c3/b2/bc9c9196916376152d655522fdcebac55e66de6603a76a02bca1b6414f6c/pygments-2.20.0.tar.gz", hash = "sha256:6757cd03768053ff99f3039c1a36d6c0aa0b263438fcab17520b30a303a82b5f", size = 4955991, upload-time = "2026-03-29T13:29:33.898Z" }
wheels = [
    { url = "https://files.pythonhosted.org/packages/f4/7e/a72dd26f3b0f4f2bf1dd8923c85f7ceb43172af56d63c7383eb62b332364/pygments-2.20.0-py3-none-any.whl", hash = "sha256:81a9e26dd42fd28a23a2d169d86d7ac03b46e2f8b59ed4698fb4785f946d0176", size = 1231151, upload-time = "2026-03-29T13:29:30.038Z" },
]

[[package]]
name = "pytest"
version = "9.0.3"
source = { registry = "https://pypi.org/simple" }
dependencies = [
    { name = "colorama", marker = "sys_platform == 'win32'" },
    { name = "iniconfig" },
    { name = "packaging" },
    { name = "pluggy" },
    { name = "pygments" },
]
sdist = { url = "https://files.pythonhosted.org/packages/7d/0d/549bd94f1a0a402dc8cf64563a117c0f3765662e2e668477624baeec44d5/pytest-9.0.3.tar.gz", hash = "sha256:b86ada508af81d19edeb213c681b1d48246c1a91d304c6c81a427674c17eb91c", size = 1572165, upload-time = "2026-04-07T17:16:18.027Z" }
wheels = [
    { url = "https://files.pythonhosted.org/packages/d4/24/a372aaf5c9b7208e7112038812994107bc65a84cd00e0354a88c2c77a617/pytest-9.0.3-py3-none-any.whl", hash = "sha256:2c5efc453d45394fdd706ade797c0a81091eccd1d6e4bccfcd476e2b8e0ab5d9", size = 375249, upload-time = "2026-04-07T17:16:16.13Z" },
]
